
Microsoft Visual Studio Solution File, Format Version 12.00
# Visual Studio Version 16
VisualStudioVersion = 16.0.31402.337
MinimumVisualStudioVersion = 10.0.40219.1
Project("{FAE04EC0-301F-11D3-BF4B-00C04F79EFBC}") = "SuperSearcher", "SuperSearcher\SuperSearcher.csproj", "{0F8FFFA0-FA49-4C43-B08B-F8FFA4AD54B8}"
EndProject
Project("{FAE04EC0-301F-11D3-BF4B-00C04F79EFBC}") = "SuperSearcherConsole", "SuperSearcherConsole\SuperSearcherConsole.csproj", "{BE85A8CC-AF8C-4219-906B-CEC8797DEE14}"
EndProject
Project("{FAE04EC0-301F-11D3-BF4B-00C04F79EFBC}") = "SuperSearcherWPF", "SuperSearcherWPF\SuperSearcherWPF.csproj", "{58B3A856-6EDC-4393-878D-4A68D7AE1E2B}"
EndProject
Global
	GlobalSection(SolutionConfigurationPlatforms) = preSolution
		Debug|Any CPU = Debug|Any CPU
		Release|Any CPU = Release|Any CPU
	EndGlobalSection
	GlobalSection(ProjectConfigurationPlatforms) = postSolution
		{0F8FFFA0-FA49-4C43-B08B-F8FFA4AD54B8}.Debug|Any CPU.ActiveCfg = Debug|Any CPU
		{0F8FFFA0-FA49-4C43-B08B-F8FFA4AD54B8}.Debug|Any CPU.Build.0 = Debug|Any CPU
		{0F8FFFA0-FA49-4C43-B08B-F8FFA4AD54B8}.Release|Any CPU.ActiveCfg = Release|Any CPU
		{0F8FFFA0-FA49-4C43-B08B-F8FFA4AD54B8}.Release|Any CPU.Build.0 = Release|Any CPU
		{BE85A8CC-AF8C-4219-906B-CEC8797DEE14}.Debug|Any CPU.ActiveCfg = Debug|Any CPU
		{BE85A8CC-AF8C-4219-906B-CEC8797DEE14}.Debug|Any CPU.Build.0 = Debug|Any CPU
		{BE85A8CC-AF8C-4219-906B-CEC8797DEE14}.Release|Any CPU.ActiveCfg = Release|Any CPU
		{BE85A8CC-AF8C-4219-906B-CEC8797DEE14}.Release|Any CPU.Build.0 = Release|Any CPU
		{58B3A856-6EDC-4393-878D-4A68D7AE1E2B}.Debug|Any CPU.ActiveCfg = Debug|Any CPU
		{58B3A856-6EDC-4393-878D-4A68D7AE1E2B}.Debug|Any CPU.Build.0 = Debug|Any CPU
		{58B3A856-6EDC-4393-878D-4A68D7AE1E2B}.Release|Any CPU.ActiveCfg = Release|Any CPU
		{58B3A856-6EDC-4393-878D-4A68D7AE1E2B}.Release|Any CPU.Build.0 = Release|Any CPU
	EndGlobalSection
	GlobalSection(SolutionProperties) = preSolution
		HideSolutionNode = FALSE
	EndGlobalSection
	GlobalSection(ExtensibilityGlobals) = postSolution
		SolutionGuid = {DF4AD696-47AD-4E23-B537-5A527ED6126C}
	EndGlobalSection
EndGlobal
